
Microsoft Visual Studio Solution File, Format Version 12.00
# Visual Studio Version 17
VisualStudioVersion = 17.14.36518.9 d17.14
MinimumVisualStudioVersion = 10.0.40219.1
Project("{FAE04EC0-301F-11D3-BF4B-00C04F79EFBC}") = "PokemonSimulator", "ProjectSimulator\PokemonSimulator.csproj", "{C45EB88B-B0E1-40C0-867D-0C12660E3ABD}"
EndProject
Global
	GlobalSection(SolutionConfigurationPlatforms) = preSolution
		Debug|Any CPU = Debug|Any CPU
		Release|Any CPU = Release|Any CPU
	EndGlobalSection
	GlobalSection(ProjectConfigurationPlatforms) = postSolution
		{C45EB88B-B0E1-40C0-867D-0C12660E3ABD}.Debug|Any CPU.ActiveCfg = Debug|Any CPU
		{C45EB88B-B0E1-40C0-867D-0C12660E3ABD}.Debug|Any CPU.Build.0 = Debug|Any CPU
		{C45EB88B-B0E1-40C0-867D-0C12660E3ABD}.Release|Any CPU.ActiveCfg = Release|Any CPU
		{C45EB88B-B0E1-40C0-867D-0C12660E3ABD}.Release|Any CPU.Build.0 = Release|Any CPU
	EndGlobalSection
	GlobalSection(SolutionProperties) = preSolution
		HideSolutionNode = FALSE
	EndGlobalSection
	GlobalSection(ExtensibilityGlobals) = postSolution
		SolutionGuid = {CF8BE109-70EA-476C-8EC3-571696225AC9}
	EndGlobalSection
EndGlobal
